
Microsoft Visual Studio Solution File, Format Version 12.00
# Visual Studio Version 17
VisualStudioVersion = 17.13.35931.197
MinimumVisualStudioVersion = 10.0.40219.1
Project("{FAE04EC0-301F-11D3-BF4B-00C04F79EFBC}") = "SSI.Trivia.Shared", "SSI.Trivia.Shared\SSI.Trivia.Shared.csproj", "{D9F78E23-1821-4296-9AD6-EA24FA1EF84C}"
EndProject
Project("{FAE04EC0-301F-11D3-BF4B-00C04F79EFBC}") = "SSI.Trivia.Web", "SSI.Trivia.Web\SSI.Trivia.Web.csproj", "{675D85BC-5E94-4C52-8EFF-5A678F77FD60}"
EndProject
Global
	GlobalSection(SolutionConfigurationPlatforms) = preSolution
		Debug|Any CPU = Debug|Any CPU
		Release|Any CPU = Release|Any CPU
	EndGlobalSection
	GlobalSection(ProjectConfigurationPlatforms) = postSolution
		{D9F78E23-1821-4296-9AD6-EA24FA1EF84C}.Debug|Any CPU.ActiveCfg = Debug|Any CPU
		{D9F78E23-1821-4296-9AD6-EA24FA1EF84C}.Debug|Any CPU.Build.0 = Debug|Any CPU
		{D9F78E23-1821-4296-9AD6-EA24FA1EF84C}.Release|Any CPU.ActiveCfg = Release|Any CPU
		{D9F78E23-1821-4296-9AD6-EA24FA1EF84C}.Release|Any CPU.Build.0 = Release|Any CPU
		{675D85BC-5E94-4C52-8EFF-5A678F77FD60}.Debug|Any CPU.ActiveCfg = Debug|Any CPU
		{675D85BC-5E94-4C52-8EFF-5A678F77FD60}.Debug|Any CPU.Build.0 = Debug|Any CPU
		{675D85BC-5E94-4C52-8EFF-5A678F77FD60}.Release|Any CPU.ActiveCfg = Release|Any CPU
		{675D85BC-5E94-4C52-8EFF-5A678F77FD60}.Release|Any CPU.Build.0 = Release|Any CPU
	EndGlobalSection
	GlobalSection(SolutionProperties) = preSolution
		HideSolutionNode = FALSE
	EndGlobalSection
	GlobalSection(ExtensibilityGlobals) = postSolution
		SolutionGuid = {54F3DEA7-1D83-4212-9581-06D55D02E7AB}
	EndGlobalSection
EndGlobal
